
Microsoft Visual Studio Solution File, Format Version 12.00
# Visual Studio 15
VisualStudioVersion = 15.0.28010.2026
MinimumVisualStudioVersion = 10.0.40219.1
Project("{9A19103F-16F7-4668-BE54-9A1E7A4F7556}") = "CsvConverter", "CsvConverter\CsvConverter.csproj", "{FB7F636B-DC53-45BC-A528-8C86C952BE1B}"
EndProject
Project("{9A19103F-16F7-4668-BE54-9A1E7A4F7556}") = "CsvConverter.Core.IntegrationTests", "CsvConverter.Core.IntegrationTests\CsvConverter.Core.IntegrationTests.csproj", "{BCAC5846-05F4-4DE7-871D-3001EFCA18AD}"
EndProject
Project("{9A19103F-16F7-4668-BE54-9A1E7A4F7556}") = "SimpleCoreExample1", "CsvConverter.SimpleCoreExample1\SimpleCoreExample1.csproj", "{6D022FAC-E925-41E4-9421-397C8E4A5A52}"
EndProject
Project("{FAE04EC0-301F-11D3-BF4B-00C04F79EFBC}") = "CsvConverter.Core.Tests", "CsvConverter.Core.Tests\CsvConverter.Core.Tests.csproj", "{7D3167CA-8A03-4455-89A7-5F99B33E77A5}"
EndProject
Global
	GlobalSection(SolutionConfigurationPlatforms) = preSolution
		Debug|Any CPU = Debug|Any CPU
		Release|Any CPU = Release|Any CPU
	EndGlobalSection
	GlobalSection(ProjectConfigurationPlatforms) = postSolution
		{FB7F636B-DC53-45BC-A528-8C86C952BE1B}.Debug|Any CPU.ActiveCfg = Debug|Any CPU
		{FB7F636B-DC53-45BC-A528-8C86C952BE1B}.Debug|Any CPU.Build.0 = Debug|Any CPU
		{FB7F636B-DC53-45BC-A528-8C86C952BE1B}.Release|Any CPU.ActiveCfg = Release|Any CPU
		{FB7F636B-DC53-45BC-A528-8C86C952BE1B}.Release|Any CPU.Build.0 = Release|Any CPU
		{BCAC5846-05F4-4DE7-871D-3001EFCA18AD}.Debug|Any CPU.ActiveCfg = Debug|Any CPU
		{BCAC5846-05F4-4DE7-871D-3001EFCA18AD}.Debug|Any CPU.Build.0 = Debug|Any CPU
		{BCAC5846-05F4-4DE7-871D-3001EFCA18AD}.Release|Any CPU.ActiveCfg = Release|Any CPU
		{BCAC5846-05F4-4DE7-871D-3001EFCA18AD}.Release|Any CPU.Build.0 = Release|Any CPU
		{6D022FAC-E925-41E4-9421-397C8E4A5A52}.Debug|Any CPU.ActiveCfg = Debug|Any CPU
		{6D022FAC-E925-41E4-9421-397C8E4A5A52}.Debug|Any CPU.Build.0 = Debug|Any CPU
		{6D022FAC-E925-41E4-9421-397C8E4A5A52}.Release|Any CPU.ActiveCfg = Release|Any CPU
		{6D022FAC-E925-41E4-9421-397C8E4A5A52}.Release|Any CPU.Build.0 = Release|Any CPU
		{7D3167CA-8A03-4455-89A7-5F99B33E77A5}.Debug|Any CPU.ActiveCfg = Debug|Any CPU
		{7D3167CA-8A03-4455-89A7-5F99B33E77A5}.Debug|Any CPU.Build.0 = Debug|Any CPU
		{7D3167CA-8A03-4455-89A7-5F99B33E77A5}.Release|Any CPU.ActiveCfg = Release|Any CPU
		{7D3167CA-8A03-4455-89A7-5F99B33E77A5}.Release|Any CPU.Build.0 = Release|Any CPU
	EndGlobalSection
	GlobalSection(SolutionProperties) = preSolution
		HideSolutionNode = FALSE
	EndGlobalSection
	GlobalSection(ExtensibilityGlobals) = postSolution
		SolutionGuid = {EBED656A-5AC0-4B1F-9E0C-2E9BC3BF9E96}
	EndGlobalSection
EndGlobal
