
Microsoft Visual Studio Solution File, Format Version 12.00
# Visual Studio 15
VisualStudioVersion = 15.0.28010.2026
MinimumVisualStudioVersion = 10.0.40219.1
Project("{9A19103F-16F7-4668-BE54-9A1E7A4F7556}") = "CsvConverter", "CsvConverter\CsvConverter.csproj", "{FB7F636B-DC53-45BC-A528-8C86C952BE1B}"
EndProject
Project("{9A19103F-16F7-4668-BE54-9A1E7A4F7556}") = "CsvConverter.Core.IntegrationTests", "CsvConverter.Core.IntegrationTests\CsvConverter.Core.IntegrationTests.csproj", "{BCAC5846-05F4-4DE7-871D-3001EFCA18AD}"
EndProject
Project("{9A19103F-16F7-4668-BE54-9A1E7A4F7556}") = "SimpleCoreExample1", "CsvConverter.SimpleCoreExample1\SimpleCoreExample1.csproj", "{6D022FAC-E925-41E4-9421-397C8E4A5A52}"
EndProject
Project("{9A19103F-16F7-4668-BE54-9A1E7A4F7556}") = "CsvConverter.Core.Tests", "CsvConverter.Core.Tests\CsvConverter.Core.Tests.csproj", "{7D3167CA-8A03-4455-89A7-5F99B33E77A5}"
EndProject
Project("{2150E333-8FDC-42A3-9474-1A3956D46DE8}") = "Example Apps", "Example Apps", "{33FABC1D-20AA-4F37-AE6B-33CABE5783AC}"
EndProject
Project("{FAE04EC0-301F-11D3-BF4B-00C04F79EFBC}") = "AdvDotNetExample1", "CsvConverter.AdvDotNetExample1\AdvDotNetExample1.csproj", "{9440032C-AE95-4BAC-9764-D5F07711C815}"
EndProject
Project("{FAE04EC0-301F-11D3-BF4B-00C04F79EFBC}") = "AdvDotNetExample2", "CsvConverter.AdvDotNetExample2\AdvDotNetExample2.csproj", "{4C433F80-2987-4F0F-A27F-84615F0CF33B}"
EndProject
Project("{FAE04EC0-301F-11D3-BF4B-00C04F79EFBC}") = "AdvDotNetExample3", "CsvConverter.AdvDotNetExample3\AdvDotNetExample3.csproj", "{9EF7291B-3373-41F9-B657-784121D391ED}"
EndProject
Global
	GlobalSection(SolutionConfigurationPlatforms) = preSolution
		Debug|Any CPU = Debug|Any CPU
		Debug|x86 = Debug|x86
		Release|Any CPU = Release|Any CPU
		Release|x86 = Release|x86
	EndGlobalSection
	GlobalSection(ProjectConfigurationPlatforms) = postSolution
		{FB7F636B-DC53-45BC-A528-8C86C952BE1B}.Debug|Any CPU.ActiveCfg = Debug|Any CPU
		{FB7F636B-DC53-45BC-A528-8C86C952BE1B}.Debug|Any CPU.Build.0 = Debug|Any CPU
		{FB7F636B-DC53-45BC-A528-8C86C952BE1B}.Debug|x86.ActiveCfg = Debug|Any CPU
		{FB7F636B-DC53-45BC-A528-8C86C952BE1B}.Debug|x86.Build.0 = Debug|Any CPU
		{FB7F636B-DC53-45BC-A528-8C86C952BE1B}.Release|Any CPU.ActiveCfg = Release|Any CPU
		{FB7F636B-DC53-45BC-A528-8C86C952BE1B}.Release|Any CPU.Build.0 = Release|Any CPU
		{FB7F636B-DC53-45BC-A528-8C86C952BE1B}.Release|x86.ActiveCfg = Release|Any CPU
		{FB7F636B-DC53-45BC-A528-8C86C952BE1B}.Release|x86.Build.0 = Release|Any CPU
		{BCAC5846-05F4-4DE7-871D-3001EFCA18AD}.Debug|Any CPU.ActiveCfg = Debug|Any CPU
		{BCAC5846-05F4-4DE7-871D-3001EFCA18AD}.Debug|Any CPU.Build.0 = Debug|Any CPU
		{BCAC5846-05F4-4DE7-871D-3001EFCA18AD}.Debug|x86.ActiveCfg = Debug|Any CPU
		{BCAC5846-05F4-4DE7-871D-3001EFCA18AD}.Debug|x86.Build.0 = Debug|Any CPU
		{BCAC5846-05F4-4DE7-871D-3001EFCA18AD}.Release|Any CPU.ActiveCfg = Release|Any CPU
		{BCAC5846-05F4-4DE7-871D-3001EFCA18AD}.Release|Any CPU.Build.0 = Release|Any CPU
		{BCAC5846-05F4-4DE7-871D-3001EFCA18AD}.Release|x86.ActiveCfg = Release|Any CPU
		{BCAC5846-05F4-4DE7-871D-3001EFCA18AD}.Release|x86.Build.0 = Release|Any CPU
		{6D022FAC-E925-41E4-9421-397C8E4A5A52}.Debug|Any CPU.ActiveCfg = Debug|Any CPU
		{6D022FAC-E925-41E4-9421-397C8E4A5A52}.Debug|Any CPU.Build.0 = Debug|Any CPU
		{6D022FAC-E925-41E4-9421-397C8E4A5A52}.Debug|x86.ActiveCfg = Debug|Any CPU
		{6D022FAC-E925-41E4-9421-397C8E4A5A52}.Debug|x86.Build.0 = Debug|Any CPU
		{6D022FAC-E925-41E4-9421-397C8E4A5A52}.Release|Any CPU.ActiveCfg = Release|Any CPU
		{6D022FAC-E925-41E4-9421-397C8E4A5A52}.Release|Any CPU.Build.0 = Release|Any CPU
		{6D022FAC-E925-41E4-9421-397C8E4A5A52}.Release|x86.ActiveCfg = Release|Any CPU
		{6D022FAC-E925-41E4-9421-397C8E4A5A52}.Release|x86.Build.0 = Release|Any CPU
		{7D3167CA-8A03-4455-89A7-5F99B33E77A5}.Debug|Any CPU.ActiveCfg = Debug|Any CPU
		{7D3167CA-8A03-4455-89A7-5F99B33E77A5}.Debug|Any CPU.Build.0 = Debug|Any CPU
		{7D3167CA-8A03-4455-89A7-5F99B33E77A5}.Debug|x86.ActiveCfg = Debug|Any CPU
		{7D3167CA-8A03-4455-89A7-5F99B33E77A5}.Debug|x86.Build.0 = Debug|Any CPU
		{7D3167CA-8A03-4455-89A7-5F99B33E77A5}.Release|Any CPU.ActiveCfg = Release|Any CPU
		{7D3167CA-8A03-4455-89A7-5F99B33E77A5}.Release|Any CPU.Build.0 = Release|Any CPU
		{7D3167CA-8A03-4455-89A7-5F99B33E77A5}.Release|x86.ActiveCfg = Release|Any CPU
		{7D3167CA-8A03-4455-89A7-5F99B33E77A5}.Release|x86.Build.0 = Release|Any CPU
		{9440032C-AE95-4BAC-9764-D5F07711C815}.Debug|Any CPU.ActiveCfg = Debug|x86
		{9440032C-AE95-4BAC-9764-D5F07711C815}.Debug|x86.ActiveCfg = Debug|x86
		{9440032C-AE95-4BAC-9764-D5F07711C815}.Debug|x86.Build.0 = Debug|x86
		{9440032C-AE95-4BAC-9764-D5F07711C815}.Release|Any CPU.ActiveCfg = Release|x86
		{9440032C-AE95-4BAC-9764-D5F07711C815}.Release|x86.ActiveCfg = Release|x86
		{9440032C-AE95-4BAC-9764-D5F07711C815}.Release|x86.Build.0 = Release|x86
		{4C433F80-2987-4F0F-A27F-84615F0CF33B}.Debug|Any CPU.ActiveCfg = Debug|x86
		{4C433F80-2987-4F0F-A27F-84615F0CF33B}.Debug|x86.ActiveCfg = Debug|x86
		{4C433F80-2987-4F0F-A27F-84615F0CF33B}.Debug|x86.Build.0 = Debug|x86
		{4C433F80-2987-4F0F-A27F-84615F0CF33B}.Release|Any CPU.ActiveCfg = Release|x86
		{4C433F80-2987-4F0F-A27F-84615F0CF33B}.Release|x86.ActiveCfg = Release|x86
		{4C433F80-2987-4F0F-A27F-84615F0CF33B}.Release|x86.Build.0 = Release|x86
		{9EF7291B-3373-41F9-B657-784121D391ED}.Debug|Any CPU.ActiveCfg = Debug|x86
		{9EF7291B-3373-41F9-B657-784121D391ED}.Debug|x86.ActiveCfg = Debug|x86
		{9EF7291B-3373-41F9-B657-784121D391ED}.Debug|x86.Build.0 = Debug|x86
		{9EF7291B-3373-41F9-B657-784121D391ED}.Release|Any CPU.ActiveCfg = Release|x86
		{9EF7291B-3373-41F9-B657-784121D391ED}.Release|x86.ActiveCfg = Release|x86
		{9EF7291B-3373-41F9-B657-784121D391ED}.Release|x86.Build.0 = Release|x86
	EndGlobalSection
	GlobalSection(SolutionProperties) = preSolution
		HideSolutionNode = FALSE
	EndGlobalSection
	GlobalSection(NestedProjects) = preSolution
		{6D022FAC-E925-41E4-9421-397C8E4A5A52} = {33FABC1D-20AA-4F37-AE6B-33CABE5783AC}
		{9440032C-AE95-4BAC-9764-D5F07711C815} = {33FABC1D-20AA-4F37-AE6B-33CABE5783AC}
		{4C433F80-2987-4F0F-A27F-84615F0CF33B} = {33FABC1D-20AA-4F37-AE6B-33CABE5783AC}
		{9EF7291B-3373-41F9-B657-784121D391ED} = {33FABC1D-20AA-4F37-AE6B-33CABE5783AC}
	EndGlobalSection
	GlobalSection(ExtensibilityGlobals) = postSolution
		SolutionGuid = {EBED656A-5AC0-4B1F-9E0C-2E9BC3BF9E96}
	EndGlobalSection
EndGlobal
